// !$*UTF8*$!
{
	archiveVersion = 1;
	classes = {
	};
	objectVersion = 55;
	objects = {

/* Begin PBXBuildFile section */
		7E1146D428AEC7A400A55EE9 /* PetAdoptionApp.swift in Sources */ = {isa = PBXBuildFile; fileRef = 7E1146D328AEC7A400A55EE9 /* PetAdoptionApp.swift */; };
		7E1146D628AEC7A400A55EE9 /* ContentView.swift in Sources */ = {isa = PBXBuildFile; fileRef = 7E1146D528AEC7A400A55EE9 /* ContentView.swift */; };
		7E1146D828AEC7A500A55EE9 /* Assets.xcassets in Resources */ = {isa = PBXBuildFile; fileRef = 7E1146D728AEC7A500A55EE9 /* Assets.xcassets */; };
		7E1146DB28AEC7A500A55EE9 /* Preview Assets.xcassets in Resources */ = {isa = PBXBuildFile; fileRef = 7E1146DA28AEC7A500A55EE9 /* Preview Assets.xcassets */; };
		7E1146DD28AEC7A500A55EE9 /* Persistence.swift in Sources */ = {isa = PBXBuildFile; fileRef = 7E1146DC28AEC7A500A55EE9 /* Persistence.swift */; };
		7E1146E028AEC7A500A55EE9 /* PetAdoption.xcdatamodeld in Sources */ = {isa = PBXBuildFile; fileRef = 7E1146DE28AEC7A500A55EE9 /* PetAdoption.xcdatamodeld */; };
		7E23ECAC28AED1BD00F9A032 /* Color+Extension.swift in Sources */ = {isa = PBXBuildFile; fileRef = 7E23ECAB28AED1BD00F9A032 /* Color+Extension.swift */; };
		7E23ECAE28AED1E600F9A032 /* Pet.swift in Sources */ = {isa = PBXBuildFile; fileRef = 7E23ECAD28AED1E600F9A032 /* Pet.swift */; };
		7E23ECB228AEDD5800F9A032 /* MasterView.swift in Sources */ = {isa = PBXBuildFile; fileRef = 7E23ECB128AEDD5800F9A032 /* MasterView.swift */; };
		7E23ECB428AEDE8E00F9A032 /* HomeView.swift in Sources */ = {isa = PBXBuildFile; fileRef = 7E23ECB328AEDE8E00F9A032 /* HomeView.swift */; };
		7E23ECB828AFE44B00F9A032 /* PetDetailView.swift in Sources */ = {isa = PBXBuildFile; fileRef = 7E23ECB728AFE44B00F9A032 /* PetDetailView.swift */; };
/* End PBXBuildFile section */

/* Begin PBXFileReference section */
		7E1146D028AEC7A400A55EE9 /* PetAdoption.app */ = {isa = PBXFileReference; explicitFileType = wrapper.application; includeInIndex = 0; path = PetAdoption.app; sourceTree = BUILT_PRODUCTS_DIR; };
		7E1146D328AEC7A400A55EE9 /* PetAdoptionApp.swift */ = {isa = PBXFileReference; lastKnownFileType = sourcecode.swift; path = PetAdoptionApp.swift; sourceTree = "<group>"; };
		7E1146D528AEC7A400A55EE9 /* ContentView.swift */ = {isa = PBXFileReference; lastKnownFileType = sourcecode.swift; path = ContentView.swift; sourceTree = "<group>"; };
		7E1146D728AEC7A500A55EE9 /* Assets.xcassets */ = {isa = PBXFileReference; lastKnownFileType = folder.assetcatalog; path = Assets.xcassets; sourceTree = "<group>"; };
		7E1146DA28AEC7A500A55EE9 /* Preview Assets.xcassets */ = {isa = PBXFileReference; lastKnownFileType = folder.assetcatalog; path = "Preview Assets.xcassets"; sourceTree = "<group>"; };
		7E1146DC28AEC7A500A55EE9 /* Persistence.swift */ = {isa = PBXFileReference; lastKnownFileType = sourcecode.swift; path = Persistence.swift; sourceTree = "<group>"; };
		7E1146DF28AEC7A500A55EE9 /* PetAdoption.xcdatamodel */ = {isa = PBXFileReference; lastKnownFileType = wrapper.xcdatamodel; path = PetAdoption.xcdatamodel; sourceTree = "<group>"; };
		7E23ECAB28AED1BD00F9A032 /* Color+Extension.swift */ = {isa = PBXFileReference; fileEncoding = 4; lastKnownFileType = sourcecode.swift; path = "Color+Extension.swift"; sourceTree = "<group>"; };
		7E23ECAD28AED1E600F9A032 /* Pet.swift */ = {isa = PBXFileReference; lastKnownFileType = sourcecode.swift; path = Pet.swift; sourceTree = "<group>"; };
		7E23ECB128AEDD5800F9A032 /* MasterView.swift */ = {isa = PBXFileReference; lastKnownFileType = sourcecode.swift; path = MasterView.swift; sourceTree = "<group>"; };
		7E23ECB328AEDE8E00F9A032 /* HomeView.swift */ = {isa = PBXFileReference; lastKnownFileType = sourcecode.swift; path = HomeView.swift; sourceTree = "<group>"; };
		7E23ECB728AFE44B00F9A032 /* PetDetailView.swift */ = {isa = PBXFileReference; lastKnownFileType = sourcecode.swift; path = PetDetailView.swift; sourceTree = "<group>"; };
/* End PBXFileReference section */

/* Begin PBXFrameworksBuildPhase section */
		7E1146CD28AEC7A400A55EE9 /* Frameworks */ = {
			isa = PBXFrameworksBuildPhase;
			buildActionMask = 2147483647;
			files = (
			);
			runOnlyForDeploymentPostprocessing = 0;
		};
/* End PBXFrameworksBuildPhase section */

/* Begin PBXGroup section */
		7E1146C728AEC7A400A55EE9 = {
			isa = PBXGroup;
			children = (
				7E1146D228AEC7A400A55EE9 /* PetAdoption */,
				7E1146D128AEC7A400A55EE9 /* Products */,
			);
			sourceTree = "<group>";
		};
		7E1146D128AEC7A400A55EE9 /* Products */ = {
			isa = PBXGroup;
			children = (
				7E1146D028AEC7A400A55EE9 /* PetAdoption.app */,
			);
			name = Products;
			sourceTree = "<group>";
		};
		7E1146D228AEC7A400A55EE9 /* PetAdoption */ = {
			isa = PBXGroup;
			children = (
				7E23ECAA28AED1AE00F9A032 /* Extension */,
				7E1146E728AEC90300A55EE9 /* Model */,
				7E1146E628AEC8FE00A55EE9 /* View */,
				7E1146D328AEC7A400A55EE9 /* PetAdoptionApp.swift */,
				7E1146D528AEC7A400A55EE9 /* ContentView.swift */,
				7E1146D728AEC7A500A55EE9 /* Assets.xcassets */,
				7E1146DC28AEC7A500A55EE9 /* Persistence.swift */,
				7E1146DE28AEC7A500A55EE9 /* PetAdoption.xcdatamodeld */,
				7E1146D928AEC7A500A55EE9 /* Preview Content */,
			);
			path = PetAdoption;
			sourceTree = "<group>";
		};
		7E1146D928AEC7A500A55EE9 /* Preview Content */ = {
			isa = PBXGroup;
			children = (
				7E1146DA28AEC7A500A55EE9 /* Preview Assets.xcassets */,
			);
			path = "Preview Content";
			sourceTree = "<group>";
		};
		7E1146E628AEC8FE00A55EE9 /* View */ = {
			isa = PBXGroup;
			children = (
				7E23ECB128AEDD5800F9A032 /* MasterView.swift */,
				7E23ECB328AEDE8E00F9A032 /* HomeView.swift */,
				7E23ECB728AFE44B00F9A032 /* PetDetailView.swift */,
			);
			path = View;
			sourceTree = "<group>";
		};
		7E1146E728AEC90300A55EE9 /* Model */ = {
			isa = PBXGroup;
			children = (
				7E23ECAD28AED1E600F9A032 /* Pet.swift */,
			);
			path = Model;
			sourceTree = "<group>";
		};
		7E23ECAA28AED1AE00F9A032 /* Extension */ = {
			isa = PBXGroup;
			children = (
				7E23ECAB28AED1BD00F9A032 /* Color+Extension.swift */,
			);
			path = Extension;
			sourceTree = "<group>";
		};
/* End PBXGroup section */

/* Begin PBXNativeTarget section */
		7E1146CF28AEC7A400A55EE9 /* PetAdoption */ = {
			isa = PBXNativeTarget;
			buildConfigurationList = 7E1146E328AEC7A500A55EE9 /* Build configuration list for PBXNativeTarget "PetAdoption" */;
			buildPhases = (
				7E1146CC28AEC7A400A55EE9 /* Sources */,
				7E1146CD28AEC7A400A55EE9 /* Frameworks */,
				7E1146CE28AEC7A400A55EE9 /* Resources */,
			);
			buildRules = (
			);
			dependencies = (
			);
			name = PetAdoption;
			productName = PetAdoption;
			productReference = 7E1146D028AEC7A400A55EE9 /* PetAdoption.app */;
			productType = "com.apple.product-type.application";
		};
/* End PBXNativeTarget section */

/* Begin PBXProject section */
		7E1146C828AEC7A400A55EE9 /* Project object */ = {
			isa = PBXProject;
			attributes = {
				BuildIndependentTargetsInParallel = 1;
				LastSwiftUpdateCheck = 1330;
				LastUpgradeCheck = 1330;
				TargetAttributes = {
					7E1146CF28AEC7A400A55EE9 = {
						CreatedOnToolsVersion = 13.3;
					};
				};
			};
			buildConfigurationList = 7E1146CB28AEC7A400A55EE9 /* Build configuration list for PBXProject "PetAdoption" */;
			compatibilityVersion = "Xcode 13.0";
			developmentRegion = en;
			hasScannedForEncodings = 0;
			knownRegions = (
				en,
				Base,
			);
			mainGroup = 7E1146C728AEC7A400A55EE9;
			productRefGroup = 7E1146D128AEC7A400A55EE9 /* Products */;
			projectDirPath = "";
			projectRoot = "";
			targets = (
				7E1146CF28AEC7A400A55EE9 /* PetAdoption */,
			);
		};
/* End PBXProject section */

/* Begin PBXResourcesBuildPhase section */
		7E1146CE28AEC7A400A55EE9 /* Resources */ = {
			isa = PBXResourcesBuildPhase;
			buildActionMask = 2147483647;
			files = (
				7E1146DB28AEC7A500A55EE9 /* Preview Assets.xcassets in Resources */,
				7E1146D828AEC7A500A55EE9 /* Assets.xcassets in Resources */,
			);
			runOnlyForDeploymentPostprocessing = 0;
		};
/* End PBXResourcesBuildPhase section */

/* Begin PBXSourcesBuildPhase section */
		7E1146CC28AEC7A400A55EE9 /* Sources */ = {
			isa = PBXSourcesBuildPhase;
			buildActionMask = 2147483647;
			files = (
				7E1146DD28AEC7A500A55EE9 /* Persistence.swift in Sources */,
				7E23ECAC28AED1BD00F9A032 /* Color+Extension.swift in Sources */,
				7E23ECB228AEDD5800F9A032 /* MasterView.swift in Sources */,
				7E23ECB828AFE44B00F9A032 /* PetDetailView.swift in Sources */,
				7E1146D628AEC7A400A55EE9 /* ContentView.swift in Sources */,
				7E23ECAE28AED1E600F9A032 /* Pet.swift in Sources */,
				7E23ECB428AEDE8E00F9A032 /* HomeView.swift in Sources */,
				7E1146D428AEC7A400A55EE9 /* PetAdoptionApp.swift in Sources */,
				7E1146E028AEC7A500A55EE9 /* PetAdoption.xcdatamodeld in Sources */,
			);
			runOnlyForDeploymentPostprocessing = 0;
		};
/* End PBXSourcesBuildPhase section */

/* Begin XCBuildConfiguration section */
		7E1146E128AEC7A500A55EE9 /* Debug */ = {
			isa = XCBuildConfiguration;
			buildSettings = {
				ALWAYS_SEARCH_USER_PATHS = NO;
				CLANG_ANALYZER_NONNULL = YES;
				CLANG_ANALYZER_NUMBER_OBJECT_CONVERSION = YES_AGGRESSIVE;
				CLANG_CXX_LANGUAGE_STANDARD = "gnu++17";
				CLANG_ENABLE_MODULES = YES;
				CLANG_ENABLE_OBJC_ARC = YES;
				CLANG_ENABLE_OBJC_WEAK = YES;
				CLANG_WARN_BLOCK_CAPTURE_AUTORELEASING = YES;
				CLANG_WARN_BOOL_CONVERSION = YES;
				CLANG_WARN_COMMA = YES;
				CLANG_WARN_CONSTANT_CONVERSION = YES;
				CLANG_WARN_DEPRECATED_OBJC_IMPLEMENTATIONS = YES;
				CLANG_WARN_DIRECT_OBJC_ISA_USAGE = YES_ERROR;
				CLANG_WARN_DOCUMENTATION_COMMENTS = YES;
				CLANG_WARN_EMPTY_BODY = YES;
				CLANG_WARN_ENUM_CONVERSION = YES;
				CLANG_WARN_INFINITE_RECURSION = YES;
				CLANG_WARN_INT_CONVERSION = YES;
				CLANG_WARN_NON_LITERAL_NULL_CONVERSION = YES;
				CLANG_WARN_OBJC_IMPLICIT_RETAIN_SELF = YES;
				CLANG_WARN_OBJC_LITERAL_CONVERSION = YES;
				CLANG_WARN_OBJC_ROOT_CLASS = YES_ERROR;
				CLANG_WARN_QUOTED_INCLUDE_IN_FRAMEWORK_HEADER = YES;
				CLANG_WARN_RANGE_LOOP_ANALYSIS = YES;
				CLANG_WARN_STRICT_PROTOTYPES = YES;
				CLANG_WARN_SUSPICIOUS_MOVE = YES;
				CLANG_WARN_UNGUARDED_AVAILABILITY = YES_AGGRESSIVE;
				CLANG_WARN_UNREACHABLE_CODE = YES;
				CLANG_WARN__DUPLICATE_METHOD_MATCH = YES;
				COPY_PHASE_STRIP = NO;
				DEBUG_INFORMATION_FORMAT = dwarf;
				ENABLE_STRICT_OBJC_MSGSEND = YES;
				ENABLE_TESTABILITY = YES;
				GCC_C_LANGUAGE_STANDARD = gnu11;
				GCC_DYNAMIC_NO_PIC = NO;
				GCC_NO_COMMON_BLOCKS = YES;
				GCC_OPTIMIZATION_LEVEL = 0;
				GCC_PREPROCESSOR_DEFINITIONS = (
					"DEBUG=1",
					"$(inherited)",
				);
				GCC_WARN_64_TO_32_BIT_CONVERSION = YES;
				GCC_WARN_ABOUT_RETURN_TYPE = YES_ERROR;
				GCC_WARN_UNDECLARED_SELECTOR = YES;
				GCC_WARN_UNINITIALIZED_AUTOS = YES_AGGRESSIVE;
				GCC_WARN_UNUSED_FUNCTION = YES;
				GCC_WARN_UNUSED_VARIABLE = YES;
				IPHONEOS_DEPLOYMENT_TARGET = 15.4;
				MTL_ENABLE_DEBUG_INFO = INCLUDE_SOURCE;
				MTL_FAST_MATH = YES;
				ONLY_ACTIVE_ARCH = YES;
				SDKROOT = iphoneos;
				SWIFT_ACTIVE_COMPILATION_CONDITIONS = DEBUG;
				SWIFT_OPTIMIZATION_LEVEL = "-Onone";
			};
			name = Debug;
		};
		7E1146E228AEC7A500A55EE9 /* Release */ = {
			isa = XCBuildConfiguration;
			buildSettings = {
				ALWAYS_SEARCH_USER_PATHS = NO;
				CLANG_ANALYZER_NONNULL = YES;
				CLANG_ANALYZER_NUMBER_OBJECT_CONVERSION = YES_AGGRESSIVE;
				CLANG_CXX_LANGUAGE_STANDARD = "gnu++17";
				CLANG_ENABLE_MODULES = YES;
				CLANG_ENABLE_OBJC_ARC = YES;
				CLANG_ENABLE_OBJC_WEAK = YES;
				CLANG_WARN_BLOCK_CAPTURE_AUTORELEASING = YES;
				CLANG_WARN_BOOL_CONVERSION = YES;
				CLANG_WARN_COMMA = YES;
				CLANG_WARN_CONSTANT_CONVERSION = YES;
				CLANG_WARN_DEPRECATED_OBJC_IMPLEMENTATIONS = YES;
				CLANG_WARN_DIRECT_OBJC_ISA_USAGE = YES_ERROR;
				CLANG_WARN_DOCUMENTATION_COMMENTS = YES;
				CLANG_WARN_EMPTY_BODY = YES;
				CLANG_WARN_ENUM_CONVERSION = YES;
				CLANG_WARN_INFINITE_RECURSION = YES;
				CLANG_WARN_INT_CONVERSION = YES;
				CLANG_WARN_NON_LITERAL_NULL_CONVERSION = YES;
				CLANG_WARN_OBJC_IMPLICIT_RETAIN_SELF = YES;
				CLANG_WARN_OBJC_LITERAL_CONVERSION = YES;
				CLANG_WARN_OBJC_ROOT_CLASS = YES_ERROR;
				CLANG_WARN_QUOTED_INCLUDE_IN_FRAMEWORK_HEADER = YES;
				CLANG_WARN_RANGE_LOOP_ANALYSIS = YES;
				CLANG_WARN_STRICT_PROTOTYPES = YES;
				CLANG_WARN_SUSPICIOUS_MOVE = YES;
				CLANG_WARN_UNGUARDED_AVAILABILITY = YES_AGGRESSIVE;
				CLANG_WARN_UNREACHABLE_CODE = YES;
				CLANG_WARN__DUPLICATE_METHOD_MATCH = YES;
				COPY_PHASE_STRIP = NO;
				DEBUG_INFORMATION_FORMAT = "dwarf-with-dsym";
				ENABLE_NS_ASSERTIONS = NO;
				ENABLE_STRICT_OBJC_MSGSEND = YES;
				GCC_C_LANGUAGE_STANDARD = gnu11;
				GCC_NO_COMMON_BLOCKS = YES;
				GCC_WARN_64_TO_32_BIT_CONVERSION = YES;
				GCC_WARN_ABOUT_RETURN_TYPE = YES_ERROR;
				GCC_WARN_UNDECLARED_SELECTOR = YES;
				GCC_WARN_UNINITIALIZED_AUTOS = YES_AGGRESSIVE;
				GCC_WARN_UNUSED_FUNCTION = YES;
				GCC_WARN_UNUSED_VARIABLE = YES;
				IPHONEOS_DEPLOYMENT_TARGET = 15.4;
				MTL_ENABLE_DEBUG_INFO = NO;
				MTL_FAST_MATH = YES;
				SDKROOT = iphoneos;
				SWIFT_COMPILATION_MODE = wholemodule;
				SWIFT_OPTIMIZATION_LEVEL = "-O";
				VALIDATE_PRODUCT = YES;
			};
			name = Release;
		};
		7E1146E428AEC7A500A55EE9 /* Debug */ = {
			isa = XCBuildConfiguration;
			buildSettings = {
				ASSETCATALOG_COMPILER_APPICON_NAME = AppIcon;
				ASSETCATALOG_COMPILER_GLOBAL_ACCENT_COLOR_NAME = AccentColor;
				CODE_SIGN_STYLE = Automatic;
				CURRENT_PROJECT_VERSION = 1;
				DEVELOPMENT_ASSET_PATHS = "\"PetAdoption/Preview Content\"";
				ENABLE_PREVIEWS = YES;
				GENERATE_INFOPLIST_FILE = YES;
				INFOPLIST_KEY_UIApplicationSceneManifest_Generation = YES;
				INFOPLIST_KEY_UIApplicationSupportsIndirectInputEvents = YES;
				INFOPLIST_KEY_UILaunchScreen_Generation = YES;
				INFOPLIST_KEY_UISupportedInterfaceOrientations_iPad = "UIInterfaceOrientationPortrait UIInterfaceOrientationPortraitUpsideDown UIInterfaceOrientationLandscapeLeft UIInterfaceOrientationLandscapeRight";
				INFOPLIST_KEY_UISupportedInterfaceOrientations_iPhone = "UIInterfaceOrientationPortrait UIInterfaceOrientationLandscapeLeft UIInterfaceOrientationLandscapeRight";
				LD_RUNPATH_SEARCH_PATHS = (
					"$(inherited)",
					"@executable_path/Frameworks",
				);
				MARKETING_VERSION = 1.0;
				PRODUCT_BUNDLE_IDENTIFIER = dev.aigonzalez.PetAdoption;
				PRODUCT_NAME = "$(TARGET_NAME)";
				SWIFT_EMIT_LOC_STRINGS = YES;
				SWIFT_VERSION = 5.0;
				TARGETED_DEVICE_FAMILY = "1,2";
			};
			name = Debug;
		};
		7E1146E528AEC7A500A55EE9 /* Release */ = {
			isa = XCBuildConfiguration;
			buildSettings = {
				ASSETCATALOG_COMPILER_APPICON_NAME = AppIcon;
				ASSETCATALOG_COMPILER_GLOBAL_ACCENT_COLOR_NAME = AccentColor;
				CODE_SIGN_STYLE = Automatic;
				CURRENT_PROJECT_VERSION = 1;
				DEVELOPMENT_ASSET_PATHS = "\"PetAdoption/Preview Content\"";
				ENABLE_PREVIEWS = YES;
				GENERATE_INFOPLIST_FILE = YES;
				INFOPLIST_KEY_UIApplicationSceneManifest_Generation = YES;
				INFOPLIST_KEY_UIApplicationSupportsIndirectInputEvents = YES;
				INFOPLIST_KEY_UILaunchScreen_Generation = YES;
				INFOPLIST_KEY_UISupportedInterfaceOrientations_iPad = "UIInterfaceOrientationPortrait UIInterfaceOrientationPortraitUpsideDown UIInterfaceOrientationLandscapeLeft UIInterfaceOrientationLandscapeRight";
				INFOPLIST_KEY_UISupportedInterfaceOrientations_iPhone = "UIInterfaceOrientationPortrait UIInterfaceOrientationLandscapeLeft UIInterfaceOrientationLandscapeRight";
				LD_RUNPATH_SEARCH_PATHS = (
					"$(inherited)",
					"@executable_path/Frameworks",
				);
				MARKETING_VERSION = 1.0;
				PRODUCT_BUNDLE_IDENTIFIER = dev.aigonzalez.PetAdoption;
				PRODUCT_NAME = "$(TARGET_NAME)";
				SWIFT_EMIT_LOC_STRINGS = YES;
				SWIFT_VERSION = 5.0;
				TARGETED_DEVICE_FAMILY = "1,2";
			};
			name = Release;
		};
/* End XCBuildConfiguration section */

/* Begin XCConfigurationList section */
		7E1146CB28AEC7A400A55EE9 /* Build configuration list for PBXProject "PetAdoption" */ = {
			isa = XCConfigurationList;
			buildConfigurations = (
				7E1146E128AEC7A500A55EE9 /* Debug */,
				7E1146E228AEC7A500A55EE9 /* Release */,
			);
			defaultConfigurationIsVisible = 0;
			defaultConfigurationName = Release;
		};
		7E1146E328AEC7A500A55EE9 /* Build configuration list for PBXNativeTarget "PetAdoption" */ = {
			isa = XCConfigurationList;
			buildConfigurations = (
				7E1146E428AEC7A500A55EE9 /* Debug */,
				7E1146E528AEC7A500A55EE9 /* Release */,
			);
			defaultConfigurationIsVisible = 0;
			defaultConfigurationName = Release;
		};
/* End XCConfigurationList section */

/* Begin XCVersionGroup section */
		7E1146DE28AEC7A500A55EE9 /* PetAdoption.xcdatamodeld */ = {
			isa = XCVersionGroup;
			children = (
				7E1146DF28AEC7A500A55EE9 /* PetAdoption.xcdatamodel */,
			);
			currentVersion = 7E1146DF28AEC7A500A55EE9 /* PetAdoption.xcdatamodel */;
			path = PetAdoption.xcdatamodeld;
			sourceTree = "<group>";
			versionGroupType = wrapper.xcdatamodel;
		};
/* End XCVersionGroup section */
	};
	rootObject = 7E1146C828AEC7A400A55EE9 /* Project object */;
}
